
Microsoft Visual Studio Solution File, Format Version 12.00
# Visual Studio Version 16
VisualStudioVersion = 16.0.29123.89
MinimumVisualStudioVersion = 10.0.40219.1
Project("{9A19103F-16F7-4668-BE54-9A1E7A4F7556}") = "Api", "Api\Api.csproj", "{26EDEA6C-7A9D-4825-BBB2-D4B4562EE643}"
EndProject
Project("{2150E333-8FDC-42A3-9474-1A3956D46DE8}") = "ArmTemplates", "ArmTemplates", "{51AFB122-6CF8-459C-A925-E9A9A45A80DE}"
	ProjectSection(SolutionItems) = preProject
		ArmTemplates\azuredeploy.json = ArmTemplates\azuredeploy.json
		ArmTemplates\azuredeploy.parameters.Development.json = ArmTemplates\azuredeploy.parameters.Development.json
		ArmTemplates\azuredeploy.parameters.Production.json = ArmTemplates\azuredeploy.parameters.Production.json
	EndProjectSection
EndProject
Global
	GlobalSection(SolutionConfigurationPlatforms) = preSolution
		Debug|Any CPU = Debug|Any CPU
		Release|Any CPU = Release|Any CPU
	EndGlobalSection
	GlobalSection(ProjectConfigurationPlatforms) = postSolution
		{26EDEA6C-7A9D-4825-BBB2-D4B4562EE643}.Debug|Any CPU.ActiveCfg = Debug|Any CPU
		{26EDEA6C-7A9D-4825-BBB2-D4B4562EE643}.Debug|Any CPU.Build.0 = Debug|Any CPU
		{26EDEA6C-7A9D-4825-BBB2-D4B4562EE643}.Release|Any CPU.ActiveCfg = Release|Any CPU
		{26EDEA6C-7A9D-4825-BBB2-D4B4562EE643}.Release|Any CPU.Build.0 = Release|Any CPU
	EndGlobalSection
	GlobalSection(SolutionProperties) = preSolution
		HideSolutionNode = FALSE
	EndGlobalSection
	GlobalSection(ExtensibilityGlobals) = postSolution
		SolutionGuid = {DF61253A-0684-4D42-B7A7-C0D2589DC853}
	EndGlobalSection
EndGlobal
